
Microsoft Visual Studio Solution File, Format Version 12.00
# Visual Studio Version 17
VisualStudioVersion = 17.4.33213.308
MinimumVisualStudioVersion = 10.0.40219.1
Project("{FAE04EC0-301F-11D3-BF4B-00C04F79EFBC}") = "MCISoundPlayer", "MCISoundPlayer\MCISoundPlayer.csproj", "{B04C31AE-51C8-4D11-A56D-35B111C2F770}"
EndProject
Global
	GlobalSection(SolutionConfigurationPlatforms) = preSolution
		Debug|Any CPU = Debug|Any CPU
		Release|Any CPU = Release|Any CPU
	EndGlobalSection
	GlobalSection(ProjectConfigurationPlatforms) = postSolution
		{B04C31AE-51C8-4D11-A56D-35B111C2F770}.Debug|Any CPU.ActiveCfg = Debug|Any CPU
		{B04C31AE-51C8-4D11-A56D-35B111C2F770}.Debug|Any CPU.Build.0 = Debug|Any CPU
		{B04C31AE-51C8-4D11-A56D-35B111C2F770}.Release|Any CPU.ActiveCfg = Release|Any CPU
		{B04C31AE-51C8-4D11-A56D-35B111C2F770}.Release|Any CPU.Build.0 = Release|Any CPU
	EndGlobalSection
	GlobalSection(SolutionProperties) = preSolution
		HideSolutionNode = FALSE
	EndGlobalSection
	GlobalSection(ExtensibilityGlobals) = postSolution
		SolutionGuid = {C5ABE7C2-BEDD-4057-84E7-35B4094A6ECD}
	EndGlobalSection
EndGlobal
